
Microsoft Visual Studio Solution File, Format Version 12.00
# Visual Studio Version 16
VisualStudioVersion = 16.0.31729.503
MinimumVisualStudioVersion = 10.0.40219.1
Project("{FAE04EC0-301F-11D3-BF4B-00C04F79EFBC}") = "Quan-Ly-Phong-Gym", "Quan-Ly-Phong-Gym\Quan-Ly-Phong-Gym.csproj", "{814DFE60-D8A7-4B65-88C5-8B050150B357}"
EndProject
Global
	GlobalSection(SolutionConfigurationPlatforms) = preSolution
		Debug|Any CPU = Debug|Any CPU
		Release|Any CPU = Release|Any CPU
	EndGlobalSection
	GlobalSection(ProjectConfigurationPlatforms) = postSolution
		{814DFE60-D8A7-4B65-88C5-8B050150B357}.Debug|Any CPU.ActiveCfg = Debug|Any CPU
		{814DFE60-D8A7-4B65-88C5-8B050150B357}.Debug|Any CPU.Build.0 = Debug|Any CPU
		{814DFE60-D8A7-4B65-88C5-8B050150B357}.Release|Any CPU.ActiveCfg = Release|Any CPU
		{814DFE60-D8A7-4B65-88C5-8B050150B357}.Release|Any CPU.Build.0 = Release|Any CPU
	EndGlobalSection
	GlobalSection(SolutionProperties) = preSolution
		HideSolutionNode = FALSE
	EndGlobalSection
	GlobalSection(ExtensibilityGlobals) = postSolution
		SolutionGuid = {F3976C46-9525-4BC9-B040-801822484B7C}
	EndGlobalSection
EndGlobal
